// !$*UTF8*$!
{
	archiveVersion = 1;
	classes = {
	};
	objectVersion = 50;
	objects = {

/* Begin PBXBuildFile section */
		B319D684208A5A69000DC092 /* AppDelegate.swift in Sources */ = {isa = PBXBuildFile; fileRef = B319D683208A5A69000DC092 /* AppDelegate.swift */; };
		B319D689208A5A69000DC092 /* Main.storyboard in Resources */ = {isa = PBXBuildFile; fileRef = B319D687208A5A69000DC092 /* Main.storyboard */; };
		B319D68B208A5A6A000DC092 /* Assets.xcassets in Resources */ = {isa = PBXBuildFile; fileRef = B319D68A208A5A6A000DC092 /* Assets.xcassets */; };
		B319D68E208A5A6A000DC092 /* LaunchScreen.storyboard in Resources */ = {isa = PBXBuildFile; fileRef = B319D68C208A5A6A000DC092 /* LaunchScreen.storyboard */; };
		B31BB5D020914E8900BF1591 /* Emojii.swift in Sources */ = {isa = PBXBuildFile; fileRef = B31BB5CF20914E8900BF1591 /* Emojii.swift */; };
		B323E30F208C088A009CD9F5 /* EmojiiTableViewController.swift in Sources */ = {isa = PBXBuildFile; fileRef = B323E30E208C088A009CD9F5 /* EmojiiTableViewController.swift */; };
		B35EDBC9208D53B700FAE866 /* EmojiiDefinitionViewController.swift in Sources */ = {isa = PBXBuildFile; fileRef = B35EDBC8208D53B700FAE866 /* EmojiiDefinitionViewController.swift */; };
/* End PBXBuildFile section */

/* Begin PBXFileReference section */
		B319D680208A5A69000DC092 /* Emojii Dictionary.app */ = {isa = PBXFileReference; explicitFileType = wrapper.application; includeInIndex = 0; path = "Emojii Dictionary.app"; sourceTree = BUILT_PRODUCTS_DIR; };
		B319D683208A5A69000DC092 /* AppDelegate.swift */ = {isa = PBXFileReference; lastKnownFileType = sourcecode.swift; path = AppDelegate.swift; sourceTree = "<group>"; };
		B319D688208A5A69000DC092 /* Base */ = {isa = PBXFileReference; lastKnownFileType = file.storyboard; name = Base; path = Base.lproj/Main.storyboard; sourceTree = "<group>"; };
		B319D68A208A5A6A000DC092 /* Assets.xcassets */ = {isa = PBXFileReference; lastKnownFileType = folder.assetcatalog; path = Assets.xcassets; sourceTree = "<group>"; };
		B319D68D208A5A6A000DC092 /* Base */ = {isa = PBXFileReference; lastKnownFileType = file.storyboard; name = Base; path = Base.lproj/LaunchScreen.storyboard; sourceTree = "<group>"; };
		B319D68F208A5A6A000DC092 /* Info.plist */ = {isa = PBXFileReference; lastKnownFileType = text.plist.xml; path = Info.plist; sourceTree = "<group>"; };
		B31BB5CF20914E8900BF1591 /* Emojii.swift */ = {isa = PBXFileReference; lastKnownFileType = sourcecode.swift; path = Emojii.swift; sourceTree = "<group>"; };
		B323E30E208C088A009CD9F5 /* EmojiiTableViewController.swift */ = {isa = PBXFileReference; lastKnownFileType = sourcecode.swift; path = EmojiiTableViewController.swift; sourceTree = "<group>"; };
		B35EDBC8208D53B700FAE866 /* EmojiiDefinitionViewController.swift */ = {isa = PBXFileReference; lastKnownFileType = sourcecode.swift; path = EmojiiDefinitionViewController.swift; sourceTree = "<group>"; };
/* End PBXFileReference section */

/* Begin PBXFrameworksBuildPhase section */
		B319D67D208A5A69000DC092 /* Frameworks */ = {
			isa = PBXFrameworksBuildPhase;
			buildActionMask = 2147483647;
			files = (
			);
			runOnlyForDeploymentPostprocessing = 0;
		};
/* End PBXFrameworksBuildPhase section */

/* Begin PBXGroup section */
		B319D677208A5A69000DC092 = {
			isa = PBXGroup;
			children = (
				B319D682208A5A69000DC092 /* Emojii Dictionary */,
				B319D681208A5A69000DC092 /* Products */,
			);
			sourceTree = "<group>";
		};
		B319D681208A5A69000DC092 /* Products */ = {
			isa = PBXGroup;
			children = (
				B319D680208A5A69000DC092 /* Emojii Dictionary.app */,
			);
			name = Products;
			sourceTree = "<group>";
		};
		B319D682208A5A69000DC092 /* Emojii Dictionary */ = {
			isa = PBXGroup;
			children = (
				B323E30E208C088A009CD9F5 /* EmojiiTableViewController.swift */,
				B35EDBC8208D53B700FAE866 /* EmojiiDefinitionViewController.swift */,
				B319D683208A5A69000DC092 /* AppDelegate.swift */,
				B319D687208A5A69000DC092 /* Main.storyboard */,
				B319D68A208A5A6A000DC092 /* Assets.xcassets */,
				B319D68C208A5A6A000DC092 /* LaunchScreen.storyboard */,
				B319D68F208A5A6A000DC092 /* Info.plist */,
				B31BB5CF20914E8900BF1591 /* Emojii.swift */,
			);
			path = "Emojii Dictionary";
			sourceTree = "<group>";
		};
/* End PBXGroup section */

/* Begin PBXNativeTarget section */
		B319D67F208A5A69000DC092 /* Emojii Dictionary */ = {
			isa = PBXNativeTarget;
			buildConfigurationList = B319D692208A5A6A000DC092 /* Build configuration list for PBXNativeTarget "Emojii Dictionary" */;
			buildPhases = (
				B319D67C208A5A69000DC092 /* Sources */,
				B319D67D208A5A69000DC092 /* Frameworks */,
				B319D67E208A5A69000DC092 /* Resources */,
			);
			buildRules = (
			);
			dependencies = (
			);
			name = "Emojii Dictionary";
			productName = "Emojii Dictionary";
			productReference = B319D680208A5A69000DC092 /* Emojii Dictionary.app */;
			productType = "com.apple.product-type.application";
		};
/* End PBXNativeTarget section */

/* Begin PBXProject section */
		B319D678208A5A69000DC092 /* Project object */ = {
			isa = PBXProject;
			attributes = {
				LastSwiftUpdateCheck = 0930;
				LastUpgradeCheck = 0930;
				ORGANIZATIONNAME = "John Rooney";
				TargetAttributes = {
					B319D67F208A5A69000DC092 = {
						CreatedOnToolsVersion = 9.3;
					};
				};
			};
			buildConfigurationList = B319D67B208A5A69000DC092 /* Build configuration list for PBXProject "Emojii Dictionary" */;
			compatibilityVersion = "Xcode 9.3";
			developmentRegion = en;
			hasScannedForEncodings = 0;
			knownRegions = (
				en,
				Base,
			);
			mainGroup = B319D677208A5A69000DC092;
			productRefGroup = B319D681208A5A69000DC092 /* Products */;
			projectDirPath = "";
			projectRoot = "";
			targets = (
				B319D67F208A5A69000DC092 /* Emojii Dictionary */,
			);
		};
/* End PBXProject section */

/* Begin PBXResourcesBuildPhase section */
		B319D67E208A5A69000DC092 /* Resources */ = {
			isa = PBXResourcesBuildPhase;
			buildActionMask = 2147483647;
			files = (
				B319D68E208A5A6A000DC092 /* LaunchScreen.storyboard in Resources */,
				B319D68B208A5A6A000DC092 /* Assets.xcassets in Resources */,
				B319D689208A5A69000DC092 /* Main.storyboard in Resources */,
			);
			runOnlyForDeploymentPostprocessing = 0;
		};
/* End PBXResourcesBuildPhase section */

/* Begin PBXSourcesBuildPhase section */
		B319D67C208A5A69000DC092 /* Sources */ = {
			isa = PBXSourcesBuildPhase;
			buildActionMask = 2147483647;
			files = (
				B31BB5D020914E8900BF1591 /* Emojii.swift in Sources */,
				B323E30F208C088A009CD9F5 /* EmojiiTableViewController.swift in Sources */,
				B35EDBC9208D53B700FAE866 /* EmojiiDefinitionViewController.swift in Sources */,
				B319D684208A5A69000DC092 /* AppDelegate.swift in Sources */,
			);
			runOnlyForDeploymentPostprocessing = 0;
		};
/* End PBXSourcesBuildPhase section */

/* Begin PBXVariantGroup section */
		B319D687208A5A69000DC092 /* Main.storyboard */ = {
			isa = PBXVariantGroup;
			children = (
				B319D688208A5A69000DC092 /* Base */,
			);
			name = Main.storyboard;
			sourceTree = "<group>";
		};
		B319D68C208A5A6A000DC092 /* LaunchScreen.storyboard */ = {
			isa = PBXVariantGroup;
			children = (
				B319D68D208A5A6A000DC092 /* Base */,
			);
			name = LaunchScreen.storyboard;
			sourceTree = "<group>";
		};
/* End PBXVariantGroup section */

/* Begin XCBuildConfiguration section */
		B319D690208A5A6A000DC092 /* Debug */ = {
			isa = XCBuildConfiguration;
			buildSettings = {
				ALWAYS_SEARCH_USER_PATHS = NO;
				CLANG_ANALYZER_NONNULL = YES;
				CLANG_ANALYZER_NUMBER_OBJECT_CONVERSION = YES_AGGRESSIVE;
				CLANG_CXX_LANGUAGE_STANDARD = "gnu++14";
				CLANG_CXX_LIBRARY = "libc++";
				CLANG_ENABLE_MODULES = YES;
				CLANG_ENABLE_OBJC_ARC = YES;
				CLANG_ENABLE_OBJC_WEAK = YES;
				CLANG_WARN_BLOCK_CAPTURE_AUTORELEASING = YES;
				CLANG_WARN_BOOL_CONVERSION = YES;
				CLANG_WARN_COMMA = YES;
				CLANG_WARN_CONSTANT_CONVERSION = YES;
				CLANG_WARN_DEPRECATED_OBJC_IMPLEMENTATIONS = YES;
				CLANG_WARN_DIRECT_OBJC_ISA_USAGE = YES_ERROR;
				CLANG_WARN_DOCUMENTATION_COMMENTS = YES;
				CLANG_WARN_EMPTY_BODY = YES;
				CLANG_WARN_ENUM_CONVERSION = YES;
				CLANG_WARN_INFINITE_RECURSION = YES;
				CLANG_WARN_INT_CONVERSION = YES;
				CLANG_WARN_NON_LITERAL_NULL_CONVERSION = YES;
				CLANG_WARN_OBJC_IMPLICIT_RETAIN_SELF = YES;
				CLANG_WARN_OBJC_LITERAL_CONVERSION = YES;
				CLANG_WARN_OBJC_ROOT_CLASS = YES_ERROR;
				CLANG_WARN_RANGE_LOOP_ANALYSIS = YES;
				CLANG_WARN_STRICT_PROTOTYPES = YES;
				CLANG_WARN_SUSPICIOUS_MOVE = YES;
				CLANG_WARN_UNGUARDED_AVAILABILITY = YES_AGGRESSIVE;
				CLANG_WARN_UNREACHABLE_CODE = YES;
				CLANG_WARN__DUPLICATE_METHOD_MATCH = YES;
				CODE_SIGN_IDENTITY = "iPhone Developer";
				COPY_PHASE_STRIP = NO;
				DEBUG_INFORMATION_FORMAT = dwarf;
				ENABLE_STRICT_OBJC_MSGSEND = YES;
				ENABLE_TESTABILITY = YES;
				GCC_C_LANGUAGE_STANDARD = gnu11;
				GCC_DYNAMIC_NO_PIC = NO;
				GCC_NO_COMMON_BLOCKS = YES;
				GCC_OPTIMIZATION_LEVEL = 0;
				GCC_PREPROCESSOR_DEFINITIONS = (
					"DEBUG=1",
					"$(inherited)",
				);
				GCC_WARN_64_TO_32_BIT_CONVERSION = YES;
				GCC_WARN_ABOUT_RETURN_TYPE = YES_ERROR;
				GCC_WARN_UNDECLARED_SELECTOR = YES;
				GCC_WARN_UNINITIALIZED_AUTOS = YES_AGGRESSIVE;
				GCC_WARN_UNUSED_FUNCTION = YES;
				GCC_WARN_UNUSED_VARIABLE = YES;
				IPHONEOS_DEPLOYMENT_TARGET = 11.3;
				MTL_ENABLE_DEBUG_INFO = YES;
				ONLY_ACTIVE_ARCH = YES;
				SDKROOT = iphoneos;
				SWIFT_ACTIVE_COMPILATION_CONDITIONS = DEBUG;
				SWIFT_OPTIMIZATION_LEVEL = "-Onone";
			};
			name = Debug;
		};
		B319D691208A5A6A000DC092 /* Release */ = {
			isa = XCBuildConfiguration;
			buildSettings = {
				ALWAYS_SEARCH_USER_PATHS = NO;
				CLANG_ANALYZER_NONNULL = YES;
				CLANG_ANALYZER_NUMBER_OBJECT_CONVERSION = YES_AGGRESSIVE;
				CLANG_CXX_LANGUAGE_STANDARD = "gnu++14";
				CLANG_CXX_LIBRARY = "libc++";
				CLANG_ENABLE_MODULES = YES;
				CLANG_ENABLE_OBJC_ARC = YES;
				CLANG_ENABLE_OBJC_WEAK = YES;
				CLANG_WARN_BLOCK_CAPTURE_AUTORELEASING = YES;
				CLANG_WARN_BOOL_CONVERSION = YES;
				CLANG_WARN_COMMA = YES;
				CLANG_WARN_CONSTANT_CONVERSION = YES;
				CLANG_WARN_DEPRECATED_OBJC_IMPLEMENTATIONS = YES;
				CLANG_WARN_DIRECT_OBJC_ISA_USAGE = YES_ERROR;
				CLANG_WARN_DOCUMENTATION_COMMENTS = YES;
				CLANG_WARN_EMPTY_BODY = YES;
				CLANG_WARN_ENUM_CONVERSION = YES;
				CLANG_WARN_INFINITE_RECURSION = YES;
				CLANG_WARN_INT_CONVERSION = YES;
				CLANG_WARN_NON_LITERAL_NULL_CONVERSION = YES;
				CLANG_WARN_OBJC_IMPLICIT_RETAIN_SELF = YES;
				CLANG_WARN_OBJC_LITERAL_CONVERSION = YES;
				CLANG_WARN_OBJC_ROOT_CLASS = YES_ERROR;
				CLANG_WARN_RANGE_LOOP_ANALYSIS = YES;
				CLANG_WARN_STRICT_PROTOTYPES = YES;
				CLANG_WARN_SUSPICIOUS_MOVE = YES;
				CLANG_WARN_UNGUARDED_AVAILABILITY = YES_AGGRESSIVE;
				CLANG_WARN_UNREACHABLE_CODE = YES;
				CLANG_WARN__DUPLICATE_METHOD_MATCH = YES;
				CODE_SIGN_IDENTITY = "iPhone Developer";
				COPY_PHASE_STRIP = NO;
				DEBUG_INFORMATION_FORMAT = "dwarf-with-dsym";
				ENABLE_NS_ASSERTIONS = NO;
				ENABLE_STRICT_OBJC_MSGSEND = YES;
				GCC_C_LANGUAGE_STANDARD = gnu11;
				GCC_NO_COMMON_BLOCKS = YES;
				GCC_WARN_64_TO_32_BIT_CONVERSION = YES;
				GCC_WARN_ABOUT_RETURN_TYPE = YES_ERROR;
				GCC_WARN_UNDECLARED_SELECTOR = YES;
				GCC_WARN_UNINITIALIZED_AUTOS = YES_AGGRESSIVE;
				GCC_WARN_UNUSED_FUNCTION = YES;
				GCC_WARN_UNUSED_VARIABLE = YES;
				IPHONEOS_DEPLOYMENT_TARGET = 11.3;
				MTL_ENABLE_DEBUG_INFO = NO;
				SDKROOT = iphoneos;
				SWIFT_COMPILATION_MODE = wholemodule;
				SWIFT_OPTIMIZATION_LEVEL = "-O";
				VALIDATE_PRODUCT = YES;
			};
			name = Release;
		};
		B319D693208A5A6A000DC092 /* Debug */ = {
			isa = XCBuildConfiguration;
			buildSettings = {
				ASSETCATALOG_COMPILER_APPICON_NAME = AppIcon;
				CODE_SIGN_STYLE = Automatic;
				DEVELOPMENT_TEAM = XAA39VL26V;
				INFOPLIST_FILE = "Emojii Dictionary/Info.plist";
				LD_RUNPATH_SEARCH_PATHS = (
					"$(inherited)",
					"@executable_path/Frameworks",
				);
				PRODUCT_BUNDLE_IDENTIFIER = "swiftfun.Emojii-Dictionary";
				PRODUCT_NAME = "$(TARGET_NAME)";
				SWIFT_VERSION = 4.0;
				TARGETED_DEVICE_FAMILY = "1,2";
			};
			name = Debug;
		};
		B319D694208A5A6A000DC092 /* Release */ = {
			isa = XCBuildConfiguration;
			buildSettings = {
				ASSETCATALOG_COMPILER_APPICON_NAME = AppIcon;
				CODE_SIGN_STYLE = Automatic;
				DEVELOPMENT_TEAM = XAA39VL26V;
				INFOPLIST_FILE = "Emojii Dictionary/Info.plist";
				LD_RUNPATH_SEARCH_PATHS = (
					"$(inherited)",
					"@executable_path/Frameworks",
				);
				PRODUCT_BUNDLE_IDENTIFIER = "swiftfun.Emojii-Dictionary";
				PRODUCT_NAME = "$(TARGET_NAME)";
				SWIFT_VERSION = 4.0;
				TARGETED_DEVICE_FAMILY = "1,2";
			};
			name = Release;
		};
/* End XCBuildConfiguration section */

/* Begin XCConfigurationList section */
		B319D67B208A5A69000DC092 /* Build configuration list for PBXProject "Emojii Dictionary" */ = {
			isa = XCConfigurationList;
			buildConfigurations = (
				B319D690208A5A6A000DC092 /* Debug */,
				B319D691208A5A6A000DC092 /* Release */,
			);
			defaultConfigurationIsVisible = 0;
			defaultConfigurationName = Release;
		};
		B319D692208A5A6A000DC092 /* Build configuration list for PBXNativeTarget "Emojii Dictionary" */ = {
			isa = XCConfigurationList;
			buildConfigurations = (
				B319D693208A5A6A000DC092 /* Debug */,
				B319D694208A5A6A000DC092 /* Release */,
			);
			defaultConfigurationIsVisible = 0;
			defaultConfigurationName = Release;
		};
/* End XCConfigurationList section */
	};
	rootObject = B319D678208A5A69000DC092 /* Project object */;
}
